
Microsoft Visual Studio Solution File, Format Version 12.00
# Visual Studio Version 16
VisualStudioVersion = 16.0.32802.440
MinimumVisualStudioVersion = 10.0.40219.1
Project("{FAE04EC0-301F-11D3-BF4B-00C04F79EFBC}") = "Pet Med System", "Pet Med System\Pet Med System.csproj", "{A5A5DD0A-4029-42B9-AC23-6ED62654600D}"
EndProject
Global
	GlobalSection(SolutionConfigurationPlatforms) = preSolution
		Debug|Any CPU = Debug|Any CPU
		Release|Any CPU = Release|Any CPU
	EndGlobalSection
	GlobalSection(ProjectConfigurationPlatforms) = postSolution
		{A5A5DD0A-4029-42B9-AC23-6ED62654600D}.Debug|Any CPU.ActiveCfg = Debug|Any CPU
		{A5A5DD0A-4029-42B9-AC23-6ED62654600D}.Debug|Any CPU.Build.0 = Debug|Any CPU
		{A5A5DD0A-4029-42B9-AC23-6ED62654600D}.Release|Any CPU.ActiveCfg = Release|Any CPU
		{A5A5DD0A-4029-42B9-AC23-6ED62654600D}.Release|Any CPU.Build.0 = Release|Any CPU
	EndGlobalSection
	GlobalSection(SolutionProperties) = preSolution
		HideSolutionNode = FALSE
	EndGlobalSection
	GlobalSection(ExtensibilityGlobals) = postSolution
		SolutionGuid = {7F87F8D8-F8A0-443C-B4B5-F3C0DA55BC70}
	EndGlobalSection
EndGlobal
